// !$*UTF8*$!
{
	archiveVersion = 1;
	classes = {
	};
	objectVersion = 46;
	objects = {

/* Begin PBXBuildFile section */
		29AD8A0019C134BA00D1893D /* Foundation.framework in Frameworks */ = {isa = PBXBuildFile; fileRef = 29AD89FF19C134BA00D1893D /* Foundation.framework */; };
		29AD8A0219C134BA00D1893D /* CoreGraphics.framework in Frameworks */ = {isa = PBXBuildFile; fileRef = 29AD8A0119C134BA00D1893D /* CoreGraphics.framework */; };
		29AD8A0419C134BA00D1893D /* UIKit.framework in Frameworks */ = {isa = PBXBuildFile; fileRef = 29AD8A0319C134BA00D1893D /* UIKit.framework */; };
		29AD8A0A19C134BA00D1893D /* InfoPlist.strings in Resources */ = {isa = PBXBuildFile; fileRef = 29AD8A0819C134BA00D1893D /* InfoPlist.strings */; };
		29AD8A0C19C134BA00D1893D /* main.m in Sources */ = {isa = PBXBuildFile; fileRef = 29AD8A0B19C134BA00D1893D /* main.m */; };
		29AD8A1019C134BA00D1893D /* KAAppDelegate.m in Sources */ = {isa = PBXBuildFile; fileRef = 29AD8A0F19C134BA00D1893D /* KAAppDelegate.m */; };
		29AD8A1219C134BA00D1893D /* Images.xcassets in Resources */ = {isa = PBXBuildFile; fileRef = 29AD8A1119C134BA00D1893D /* Images.xcassets */; };
		29AD8A1919C134BA00D1893D /* XCTest.framework in Frameworks */ = {isa = PBXBuildFile; fileRef = 29AD8A1819C134BA00D1893D /* XCTest.framework */; };
		29AD8A1A19C134BA00D1893D /* Foundation.framework in Frameworks */ = {isa = PBXBuildFile; fileRef = 29AD89FF19C134BA00D1893D /* Foundation.framework */; };
		29AD8A1B19C134BA00D1893D /* UIKit.framework in Frameworks */ = {isa = PBXBuildFile; fileRef = 29AD8A0319C134BA00D1893D /* UIKit.framework */; };
		29AD8A2319C134BA00D1893D /* InfoPlist.strings in Resources */ = {isa = PBXBuildFile; fileRef = 29AD8A2119C134BA00D1893D /* InfoPlist.strings */; };
		29AD8A2519C134BA00D1893D /* ViewTestTests.m in Sources */ = {isa = PBXBuildFile; fileRef = 29AD8A2419C134BA00D1893D /* ViewTestTests.m */; };
		29AD8A3019C13B7900D1893D /* KASimpleView.m in Sources */ = {isa = PBXBuildFile; fileRef = 29AD8A2F19C13B7900D1893D /* KASimpleView.m */; };
/* End PBXBuildFile section */

/* Begin PBXContainerItemProxy section */
		29AD8A1C19C134BA00D1893D /* PBXContainerItemProxy */ = {
			isa = PBXContainerItemProxy;
			containerPortal = 29AD89F419C134BA00D1893D /* Project object */;
			proxyType = 1;
			remoteGlobalIDString = 29AD89FB19C134BA00D1893D;
			remoteInfo = ViewTest;
		};
/* End PBXContainerItemProxy section */

/* Begin PBXFileReference section */
		29AD89FC19C134BA00D1893D /* ViewTest.app */ = {isa = PBXFileReference; explicitFileType = wrapper.application; includeInIndex = 0; path = ViewTest.app; sourceTree = BUILT_PRODUCTS_DIR; };
		29AD89FF19C134BA00D1893D /* Foundation.framework */ = {isa = PBXFileReference; lastKnownFileType = wrapper.framework; name = Foundation.framework; path = System/Library/Frameworks/Foundation.framework; sourceTree = SDKROOT; };
		29AD8A0119C134BA00D1893D /* CoreGraphics.framework */ = {isa = PBXFileReference; lastKnownFileType = wrapper.framework; name = CoreGraphics.framework; path = System/Library/Frameworks/CoreGraphics.framework; sourceTree = SDKROOT; };
		29AD8A0319C134BA00D1893D /* UIKit.framework */ = {isa = PBXFileReference; lastKnownFileType = wrapper.framework; name = UIKit.framework; path = System/Library/Frameworks/UIKit.framework; sourceTree = SDKROOT; };
		29AD8A0719C134BA00D1893D /* ViewTest-Info.plist */ = {isa = PBXFileReference; lastKnownFileType = text.plist.xml; path = "ViewTest-Info.plist"; sourceTree = "<group>"; };
		29AD8A0919C134BA00D1893D /* en */ = {isa = PBXFileReference; lastKnownFileType = text.plist.strings; name = en; path = en.lproj/InfoPlist.strings; sourceTree = "<group>"; };
		29AD8A0B19C134BA00D1893D /* main.m */ = {isa = PBXFileReference; lastKnownFileType = sourcecode.c.objc; path = main.m; sourceTree = "<group>"; };
		29AD8A0D19C134BA00D1893D /* ViewTest-Prefix.pch */ = {isa = PBXFileReference; lastKnownFileType = sourcecode.c.h; path = "ViewTest-Prefix.pch"; sourceTree = "<group>"; };
		29AD8A0E19C134BA00D1893D /* KAAppDelegate.h */ = {isa = PBXFileReference; lastKnownFileType = sourcecode.c.h; path = KAAppDelegate.h; sourceTree = "<group>"; };
		29AD8A0F19C134BA00D1893D /* KAAppDelegate.m */ = {isa = PBXFileReference; lastKnownFileType = sourcecode.c.objc; path = KAAppDelegate.m; sourceTree = "<group>"; };
		29AD8A1119C134BA00D1893D /* Images.xcassets */ = {isa = PBXFileReference; lastKnownFileType = folder.assetcatalog; path = Images.xcassets; sourceTree = "<group>"; };
		29AD8A1719C134BA00D1893D /* ViewTestTests.xctest */ = {isa = PBXFileReference; explicitFileType = wrapper.cfbundle; includeInIndex = 0; path = ViewTestTests.xctest; sourceTree = BUILT_PRODUCTS_DIR; };
		29AD8A1819C134BA00D1893D /* XCTest.framework */ = {isa = PBXFileReference; lastKnownFileType = wrapper.framework; name = XCTest.framework; path = Library/Frameworks/XCTest.framework; sourceTree = DEVELOPER_DIR; };
		29AD8A2019C134BA00D1893D /* ViewTestTests-Info.plist */ = {isa = PBXFileReference; lastKnownFileType = text.plist.xml; path = "ViewTestTests-Info.plist"; sourceTree = "<group>"; };
		29AD8A2219C134BA00D1893D /* en */ = {isa = PBXFileReference; lastKnownFileType = text.plist.strings; name = en; path = en.lproj/InfoPlist.strings; sourceTree = "<group>"; };
		29AD8A2419C134BA00D1893D /* ViewTestTests.m */ = {isa = PBXFileReference; lastKnownFileType = sourcecode.c.objc; path = ViewTestTests.m; sourceTree = "<group>"; };
		29AD8A2E19C13B7900D1893D /* KASimpleView.h */ = {isa = PBXFileReference; fileEncoding = 4; lastKnownFileType = sourcecode.c.h; path = KASimpleView.h; sourceTree = "<group>"; };
		29AD8A2F19C13B7900D1893D /* KASimpleView.m */ = {isa = PBXFileReference; fileEncoding = 4; lastKnownFileType = sourcecode.c.objc; path = KASimpleView.m; sourceTree = "<group>"; };
/* End PBXFileReference section */

/* Begin PBXFrameworksBuildPhase section */
		29AD89F919C134BA00D1893D /* Frameworks */ = {
			isa = PBXFrameworksBuildPhase;
			buildActionMask = 2147483647;
			files = (
				29AD8A0219C134BA00D1893D /* CoreGraphics.framework in Frameworks */,
				29AD8A0419C134BA00D1893D /* UIKit.framework in Frameworks */,
				29AD8A0019C134BA00D1893D /* Foundation.framework in Frameworks */,
			);
			runOnlyForDeploymentPostprocessing = 0;
		};
		29AD8A1419C134BA00D1893D /* Frameworks */ = {
			isa = PBXFrameworksBuildPhase;
			buildActionMask = 2147483647;
			files = (
				29AD8A1919C134BA00D1893D /* XCTest.framework in Frameworks */,
				29AD8A1B19C134BA00D1893D /* UIKit.framework in Frameworks */,
				29AD8A1A19C134BA00D1893D /* Foundation.framework in Frameworks */,
			);
			runOnlyForDeploymentPostprocessing = 0;
		};
/* End PBXFrameworksBuildPhase section */

/* Begin PBXGroup section */
		29AD89F319C134BA00D1893D = {
			isa = PBXGroup;
			children = (
				29AD8A0519C134BA00D1893D /* ViewTest */,
				29AD8A1E19C134BA00D1893D /* ViewTestTests */,
				29AD89FE19C134BA00D1893D /* Frameworks */,
				29AD89FD19C134BA00D1893D /* Products */,
			);
			sourceTree = "<group>";
		};
		29AD89FD19C134BA00D1893D /* Products */ = {
			isa = PBXGroup;
			children = (
				29AD89FC19C134BA00D1893D /* ViewTest.app */,
				29AD8A1719C134BA00D1893D /* ViewTestTests.xctest */,
			);
			name = Products;
			sourceTree = "<group>";
		};
		29AD89FE19C134BA00D1893D /* Frameworks */ = {
			isa = PBXGroup;
			children = (
				29AD89FF19C134BA00D1893D /* Foundation.framework */,
				29AD8A0119C134BA00D1893D /* CoreGraphics.framework */,
				29AD8A0319C134BA00D1893D /* UIKit.framework */,
				29AD8A1819C134BA00D1893D /* XCTest.framework */,
			);
			name = Frameworks;
			sourceTree = "<group>";
		};
		29AD8A0519C134BA00D1893D /* ViewTest */ = {
			isa = PBXGroup;
			children = (
				29AD8A0E19C134BA00D1893D /* KAAppDelegate.h */,
				29AD8A0F19C134BA00D1893D /* KAAppDelegate.m */,
				29AD8A2E19C13B7900D1893D /* KASimpleView.h */,
				29AD8A2F19C13B7900D1893D /* KASimpleView.m */,
				29AD8A1119C134BA00D1893D /* Images.xcassets */,
				29AD8A0619C134BA00D1893D /* Supporting Files */,
			);
			path = ViewTest;
			sourceTree = "<group>";
		};
		29AD8A0619C134BA00D1893D /* Supporting Files */ = {
			isa = PBXGroup;
			children = (
				29AD8A0719C134BA00D1893D /* ViewTest-Info.plist */,
				29AD8A0819C134BA00D1893D /* InfoPlist.strings */,
				29AD8A0B19C134BA00D1893D /* main.m */,
				29AD8A0D19C134BA00D1893D /* ViewTest-Prefix.pch */,
			);
			name = "Supporting Files";
			sourceTree = "<group>";
		};
		29AD8A1E19C134BA00D1893D /* ViewTestTests */ = {
			isa = PBXGroup;
			children = (
				29AD8A2419C134BA00D1893D /* ViewTestTests.m */,
				29AD8A1F19C134BA00D1893D /* Supporting Files */,
			);
			path = ViewTestTests;
			sourceTree = "<group>";
		};
		29AD8A1F19C134BA00D1893D /* Supporting Files */ = {
			isa = PBXGroup;
			children = (
				29AD8A2019C134BA00D1893D /* ViewTestTests-Info.plist */,
				29AD8A2119C134BA00D1893D /* InfoPlist.strings */,
			);
			name = "Supporting Files";
			sourceTree = "<group>";
		};
/* End PBXGroup section */

/* Begin PBXNativeTarget section */
		29AD89FB19C134BA00D1893D /* ViewTest */ = {
			isa = PBXNativeTarget;
			buildConfigurationList = 29AD8A2819C134BA00D1893D /* Build configuration list for PBXNativeTarget "ViewTest" */;
			buildPhases = (
				29AD89F819C134BA00D1893D /* Sources */,
				29AD89F919C134BA00D1893D /* Frameworks */,
				29AD89FA19C134BA00D1893D /* Resources */,
			);
			buildRules = (
			);
			dependencies = (
			);
			name = ViewTest;
			productName = ViewTest;
			productReference = 29AD89FC19C134BA00D1893D /* ViewTest.app */;
			productType = "com.apple.product-type.application";
		};
		29AD8A1619C134BA00D1893D /* ViewTestTests */ = {
			isa = PBXNativeTarget;
			buildConfigurationList = 29AD8A2B19C134BA00D1893D /* Build configuration list for PBXNativeTarget "ViewTestTests" */;
			buildPhases = (
				29AD8A1319C134BA00D1893D /* Sources */,
				29AD8A1419C134BA00D1893D /* Frameworks */,
				29AD8A1519C134BA00D1893D /* Resources */,
			);
			buildRules = (
			);
			dependencies = (
				29AD8A1D19C134BA00D1893D /* PBXTargetDependency */,
			);
			name = ViewTestTests;
			productName = ViewTestTests;
			productReference = 29AD8A1719C134BA00D1893D /* ViewTestTests.xctest */;
			productType = "com.apple.product-type.bundle.unit-test";
		};
/* End PBXNativeTarget section */

/* Begin PBXProject section */
		29AD89F419C134BA00D1893D /* Project object */ = {
			isa = PBXProject;
			attributes = {
				CLASSPREFIX = KA;
				LastUpgradeCheck = 0510;
				ORGANIZATIONNAME = "Kathryn Aplin";
				TargetAttributes = {
					29AD8A1619C134BA00D1893D = {
						TestTargetID = 29AD89FB19C134BA00D1893D;
					};
				};
			};
			buildConfigurationList = 29AD89F719C134BA00D1893D /* Build configuration list for PBXProject "ViewTest" */;
			compatibilityVersion = "Xcode 3.2";
			developmentRegion = English;
			hasScannedForEncodings = 0;
			knownRegions = (
				en,
			);
			mainGroup = 29AD89F319C134BA00D1893D;
			productRefGroup = 29AD89FD19C134BA00D1893D /* Products */;
			projectDirPath = "";
			projectRoot = "";
			targets = (
				29AD89FB19C134BA00D1893D /* ViewTest */,
				29AD8A1619C134BA00D1893D /* ViewTestTests */,
			);
		};
/* End PBXProject section */

/* Begin PBXResourcesBuildPhase section */
		29AD89FA19C134BA00D1893D /* Resources */ = {
			isa = PBXResourcesBuildPhase;
			buildActionMask = 2147483647;
			files = (
				29AD8A0A19C134BA00D1893D /* InfoPlist.strings in Resources */,
				29AD8A1219C134BA00D1893D /* Images.xcassets in Resources */,
			);
			runOnlyForDeploymentPostprocessing = 0;
		};
		29AD8A1519C134BA00D1893D /* Resources */ = {
			isa = PBXResourcesBuildPhase;
			buildActionMask = 2147483647;
			files = (
				29AD8A2319C134BA00D1893D /* InfoPlist.strings in Resources */,
			);
			runOnlyForDeploymentPostprocessing = 0;
		};
/* End PBXResourcesBuildPhase section */

/* Begin PBXSourcesBuildPhase section */
		29AD89F819C134BA00D1893D /* Sources */ = {
			isa = PBXSourcesBuildPhase;
			buildActionMask = 2147483647;
			files = (
				29AD8A3019C13B7900D1893D /* KASimpleView.m in Sources */,
				29AD8A1019C134BA00D1893D /* KAAppDelegate.m in Sources */,
				29AD8A0C19C134BA00D1893D /* main.m in Sources */,
			);
			runOnlyForDeploymentPostprocessing = 0;
		};
		29AD8A1319C134BA00D1893D /* Sources */ = {
			isa = PBXSourcesBuildPhase;
			buildActionMask = 2147483647;
			files = (
				29AD8A2519C134BA00D1893D /* ViewTestTests.m in Sources */,
			);
			runOnlyForDeploymentPostprocessing = 0;
		};
/* End PBXSourcesBuildPhase section */

/* Begin PBXTargetDependency section */
		29AD8A1D19C134BA00D1893D /* PBXTargetDependency */ = {
			isa = PBXTargetDependency;
			target = 29AD89FB19C134BA00D1893D /* ViewTest */;
			targetProxy = 29AD8A1C19C134BA00D1893D /* PBXContainerItemProxy */;
		};
/* End PBXTargetDependency section */

/* Begin PBXVariantGroup section */
		29AD8A0819C134BA00D1893D /* InfoPlist.strings */ = {
			isa = PBXVariantGroup;
			children = (
				29AD8A0919C134BA00D1893D /* en */,
			);
			name = InfoPlist.strings;
			sourceTree = "<group>";
		};
		29AD8A2119C134BA00D1893D /* InfoPlist.strings */ = {
			isa = PBXVariantGroup;
			children = (
				29AD8A2219C134BA00D1893D /* en */,
			);
			name = InfoPlist.strings;
			sourceTree = "<group>";
		};
/* End PBXVariantGroup section */

/* Begin XCBuildConfiguration section */
		29AD8A2619C134BA00D1893D /* Debug */ = {
			isa = XCBuildConfiguration;
			buildSettings = {
				ALWAYS_SEARCH_USER_PATHS = NO;
				CLANG_CXX_LANGUAGE_STANDARD = "gnu++0x";
				CLANG_CXX_LIBRARY = "libc++";
				CLANG_ENABLE_MODULES = YES;
				CLANG_ENABLE_OBJC_ARC = YES;
				CLANG_WARN_BOOL_CONVERSION = YES;
				CLANG_WARN_CONSTANT_CONVERSION = YES;
				CLANG_WARN_DIRECT_OBJC_ISA_USAGE = YES_ERROR;
				CLANG_WARN_EMPTY_BODY = YES;
				CLANG_WARN_ENUM_CONVERSION = YES;
				CLANG_WARN_INT_CONVERSION = YES;
				CLANG_WARN_OBJC_ROOT_CLASS = YES_ERROR;
				CLANG_WARN__DUPLICATE_METHOD_MATCH = YES;
				"CODE_SIGN_IDENTITY[sdk=iphoneos*]" = "iPhone Developer";
				COPY_PHASE_STRIP = NO;
				GCC_C_LANGUAGE_STANDARD = gnu99;
				GCC_DYNAMIC_NO_PIC = NO;
				GCC_OPTIMIZATION_LEVEL = 0;
				GCC_PREPROCESSOR_DEFINITIONS = (
					"DEBUG=1",
					"$(inherited)",
				);
				GCC_SYMBOLS_PRIVATE_EXTERN = NO;
				GCC_WARN_64_TO_32_BIT_CONVERSION = YES;
				GCC_WARN_ABOUT_RETURN_TYPE = YES_ERROR;
				GCC_WARN_UNDECLARED_SELECTOR = YES;
				GCC_WARN_UNINITIALIZED_AUTOS = YES_AGGRESSIVE;
				GCC_WARN_UNUSED_FUNCTION = YES;
				GCC_WARN_UNUSED_VARIABLE = YES;
				IPHONEOS_DEPLOYMENT_TARGET = 7.1;
				ONLY_ACTIVE_ARCH = YES;
				SDKROOT = iphoneos;
			};
			name = Debug;
		};
		29AD8A2719C134BA00D1893D /* Release */ = {
			isa = XCBuildConfiguration;
			buildSettings = {
				ALWAYS_SEARCH_USER_PATHS = NO;
				CLANG_CXX_LANGUAGE_STANDARD = "gnu++0x";
				CLANG_CXX_LIBRARY = "libc++";
				CLANG_ENABLE_MODULES = YES;
				CLANG_ENABLE_OBJC_ARC = YES;
				CLANG_WARN_BOOL_CONVERSION = YES;
				CLANG_WARN_CONSTANT_CONVERSION = YES;
				CLANG_WARN_DIRECT_OBJC_ISA_USAGE = YES_ERROR;
				CLANG_WARN_EMPTY_BODY = YES;
				CLANG_WARN_ENUM_CONVERSION = YES;
				CLANG_WARN_INT_CONVERSION = YES;
				CLANG_WARN_OBJC_ROOT_CLASS = YES_ERROR;
				CLANG_WARN__DUPLICATE_METHOD_MATCH = YES;
				"CODE_SIGN_IDENTITY[sdk=iphoneos*]" = "iPhone Developer";
				COPY_PHASE_STRIP = YES;
				ENABLE_NS_ASSERTIONS = NO;
				GCC_C_LANGUAGE_STANDARD = gnu99;
				GCC_WARN_64_TO_32_BIT_CONVERSION = YES;
				GCC_WARN_ABOUT_RETURN_TYPE = YES_ERROR;
				GCC_WARN_UNDECLARED_SELECTOR = YES;
				GCC_WARN_UNINITIALIZED_AUTOS = YES_AGGRESSIVE;
				GCC_WARN_UNUSED_FUNCTION = YES;
				GCC_WARN_UNUSED_VARIABLE = YES;
				IPHONEOS_DEPLOYMENT_TARGET = 7.1;
				SDKROOT = iphoneos;
				VALIDATE_PRODUCT = YES;
			};
			name = Release;
		};
		29AD8A2919C134BA00D1893D /* Debug */ = {
			isa = XCBuildConfiguration;
			buildSettings = {
				ASSETCATALOG_COMPILER_APPICON_NAME = AppIcon;
				ASSETCATALOG_COMPILER_LAUNCHIMAGE_NAME = LaunchImage;
				GCC_PRECOMPILE_PREFIX_HEADER = YES;
				GCC_PREFIX_HEADER = "ViewTest/ViewTest-Prefix.pch";
				INFOPLIST_FILE = "ViewTest/ViewTest-Info.plist";
				PRODUCT_NAME = "$(TARGET_NAME)";
				WRAPPER_EXTENSION = app;
			};
			name = Debug;
		};
		29AD8A2A19C134BA00D1893D /* Release */ = {
			isa = XCBuildConfiguration;
			buildSettings = {
				ASSETCATALOG_COMPILER_APPICON_NAME = AppIcon;
				ASSETCATALOG_COMPILER_LAUNCHIMAGE_NAME = LaunchImage;
				GCC_PRECOMPILE_PREFIX_HEADER = YES;
				GCC_PREFIX_HEADER = "ViewTest/ViewTest-Prefix.pch";
				INFOPLIST_FILE = "ViewTest/ViewTest-Info.plist";
				PRODUCT_NAME = "$(TARGET_NAME)";
				WRAPPER_EXTENSION = app;
			};
			name = Release;
		};
		29AD8A2C19C134BA00D1893D /* Debug */ = {
			isa = XCBuildConfiguration;
			buildSettings = {
				BUNDLE_LOADER = "$(BUILT_PRODUCTS_DIR)/ViewTest.app/ViewTest";
				FRAMEWORK_SEARCH_PATHS = (
					"$(SDKROOT)/Developer/Library/Frameworks",
					"$(inherited)",
					"$(DEVELOPER_FRAMEWORKS_DIR)",
				);
				GCC_PRECOMPILE_PREFIX_HEADER = YES;
				GCC_PREFIX_HEADER = "ViewTest/ViewTest-Prefix.pch";
				GCC_PREPROCESSOR_DEFINITIONS = (
					"DEBUG=1",
					"$(inherited)",
				);
				INFOPLIST_FILE = "ViewTestTests/ViewTestTests-Info.plist";
				PRODUCT_NAME = "$(TARGET_NAME)";
				TEST_HOST = "$(BUNDLE_LOADER)";
				WRAPPER_EXTENSION = xctest;
			};
			name = Debug;
		};
		29AD8A2D19C134BA00D1893D /* Release */ = {
			isa = XCBuildConfiguration;
			buildSettings = {
				BUNDLE_LOADER = "$(BUILT_PRODUCTS_DIR)/ViewTest.app/ViewTest";
				FRAMEWORK_SEARCH_PATHS = (
					"$(SDKROOT)/Developer/Library/Frameworks",
					"$(inherited)",
					"$(DEVELOPER_FRAMEWORKS_DIR)",
				);
				GCC_PRECOMPILE_PREFIX_HEADER = YES;
				GCC_PREFIX_HEADER = "ViewTest/ViewTest-Prefix.pch";
				INFOPLIST_FILE = "ViewTestTests/ViewTestTests-Info.plist";
				PRODUCT_NAME = "$(TARGET_NAME)";
				TEST_HOST = "$(BUNDLE_LOADER)";
				WRAPPER_EXTENSION = xctest;
			};
			name = Release;
		};
/* End XCBuildConfiguration section */

/* Begin XCConfigurationList section */
		29AD89F719C134BA00D1893D /* Build configuration list for PBXProject "ViewTest" */ = {
			isa = XCConfigurationList;
			buildConfigurations = (
				29AD8A2619C134BA00D1893D /* Debug */,
				29AD8A2719C134BA00D1893D /* Release */,
			);
			defaultConfigurationIsVisible = 0;
			defaultConfigurationName = Release;
		};
		29AD8A2819C134BA00D1893D /* Build configuration list for PBXNativeTarget "ViewTest" */ = {
			isa = XCConfigurationList;
			buildConfigurations = (
				29AD8A2919C134BA00D1893D /* Debug */,
				29AD8A2A19C134BA00D1893D /* Release */,
			);
			defaultConfigurationIsVisible = 0;
		};
		29AD8A2B19C134BA00D1893D /* Build configuration list for PBXNativeTarget "ViewTestTests" */ = {
			isa = XCConfigurationList;
			buildConfigurations = (
				29AD8A2C19C134BA00D1893D /* Debug */,
				29AD8A2D19C134BA00D1893D /* Release */,
			);
			defaultConfigurationIsVisible = 0;
		};
/* End XCConfigurationList section */
	};
	rootObject = 29AD89F419C134BA00D1893D /* Project object */;
}
